
Microsoft Visual Studio Solution File, Format Version 12.00
# Visual Studio Version 17
VisualStudioVersion = 17.11.35327.3
MinimumVisualStudioVersion = 10.0.40219.1
Project("{FAE04EC0-301F-11D3-BF4B-00C04F79EFBC}") = "WinFormsApp1", "WinFormsApp1\WinFormsApp1.csproj", "{734616E9-2EF4-43AB-BA1C-725898E88652}"
EndProject
Global
	GlobalSection(SolutionConfigurationPlatforms) = preSolution
		Debug|Any CPU = Debug|Any CPU
		Release|Any CPU = Release|Any CPU
	EndGlobalSection
	GlobalSection(ProjectConfigurationPlatforms) = postSolution
		{734616E9-2EF4-43AB-BA1C-725898E88652}.Debug|Any CPU.ActiveCfg = Debug|Any CPU
		{734616E9-2EF4-43AB-BA1C-725898E88652}.Debug|Any CPU.Build.0 = Debug|Any CPU
		{734616E9-2EF4-43AB-BA1C-725898E88652}.Release|Any CPU.ActiveCfg = Release|Any CPU
		{734616E9-2EF4-43AB-BA1C-725898E88652}.Release|Any CPU.Build.0 = Release|Any CPU
	EndGlobalSection
	GlobalSection(SolutionProperties) = preSolution
		HideSolutionNode = FALSE
	EndGlobalSection
	GlobalSection(ExtensibilityGlobals) = postSolution
		SolutionGuid = {CC131A17-E523-4D0D-9E1B-D4150EB4E963}
	EndGlobalSection
EndGlobal
